[[package]]
name = "bitflags"
version = "0.1.1"
source = "registry+https://github.com/rust-lang/crates.io-index"

[[package]]
name = "cc"
version = "1.0.35"
source = "registry+https://github.com/rust-lang/crates.io-index"

[[package]]
name = "lazy_static"
version = "0.1.16"
source = "registry+https://github.com/rust-lang/crates.io-index"

[[package]]
name = "pkg-config"
version = "0.3.14"
source = "registry+https://github.com/rust-lang/crates.io-index"

[[package]]
name = "rust-roguelike"
version = "0.1.0"
dependencies = [
 "tcod 0.12.1 (git+https://github.com/rjungemann/tcod-rs.git?branch=fix-sdl2-rendering-mojave)",
]

[[package]]
name = "tcod"
version = "0.12.1"
source = "git+https://github.com/rjungemann/tcod-rs.git?branch=fix-sdl2-rendering-mojave#841a6994c855ad08d72fbdbac5061accde546be3"
dependencies = [
 "bitflags 0.1.1 (registry+https://github.com/rust-lang/crates.io-index)",
 "lazy_static 0.1.16 (registry+https://github.com/rust-lang/crates.io-index)",
 "tcod-sys 5.0.0 (git+https://github.com/rjungemann/tcod-rs.git?branch=fix-sdl2-rendering-mojave)",
]

[[package]]
name = "tcod-sys"
version = "5.0.0"
source = "git+https://github.com/rjungemann/tcod-rs.git?branch=fix-sdl2-rendering-mojave#841a6994c855ad08d72fbdbac5061accde546be3"
dependencies = [
 "cc 1.0.35 (registry+https://github.com/rust-lang/crates.io-index)",
 "pkg-config 0.3.14 (registry+https://github.com/rust-lang/crates.io-index)",
]

[metadata]
"checksum bitflags 0.1.1 (registry+https://github.com/rust-lang/crates.io-index)" = "2a6577517ecd0ee0934f48a7295a89aaef3e6dfafeac404f94c0b3448518ddfe"
"checksum cc 1.0.35 (registry+https://github.com/rust-lang/crates.io-index)" = "5e5f3fee5eeb60324c2781f1e41286bdee933850fff9b3c672587fed5ec58c83"
"checksum lazy_static 0.1.16 (registry+https://github.com/rust-lang/crates.io-index)" = "cf186d1a8aa5f5bee5fd662bc9c1b949e0259e1bcc379d1f006847b0080c7417"
"checksum pkg-config 0.3.14 (registry+https://github.com/rust-lang/crates.io-index)" = "676e8eb2b1b4c9043511a9b7bea0915320d7e502b0a079fb03f9635a5252b18c"
"checksum tcod 0.12.1 (git+https://github.com/rjungemann/tcod-rs.git?branch=fix-sdl2-rendering-mojave)" = "<none>"
"checksum tcod-sys 5.0.0 (git+https://github.com/rjungemann/tcod-rs.git?branch=fix-sdl2-rendering-mojave)" = "<none>"
